// !$*UTF8*$!
{
	archiveVersion = 1;
	classes = {
	};
	objectVersion = 56;
	objects = {

/* Begin PBXBuildFile section */
		591968E42A3B70AB00ACFCA2 /* ResumeBuilding.swift in Sources */ = {isa = PBXBuildFile; fileRef = 591968E32A3B70AB00ACFCA2 /* ResumeBuilding.swift */; };
		591968E62A3B70E700ACFCA2 /* AddEdu.swift in Sources */ = {isa = PBXBuildFile; fileRef = 591968E52A3B70E700ACFCA2 /* AddEdu.swift */; };
		591968E82A3B710700ACFCA2 /* AddExperience.swift in Sources */ = {isa = PBXBuildFile; fileRef = 591968E72A3B710700ACFCA2 /* AddExperience.swift */; };
		591968EA2A3B719600ACFCA2 /* AddHandA.swift in Sources */ = {isa = PBXBuildFile; fileRef = 591968E92A3B719600ACFCA2 /* AddHandA.swift */; };
		5928E1912A37731900524411 /* Final_ProjectApp.swift in Sources */ = {isa = PBXBuildFile; fileRef = 5928E1902A37731900524411 /* Final_ProjectApp.swift */; };
		5928E1932A37731900524411 /* ContentView.swift in Sources */ = {isa = PBXBuildFile; fileRef = 5928E1922A37731900524411 /* ContentView.swift */; };
		5928E1952A37731C00524411 /* Assets.xcassets in Resources */ = {isa = PBXBuildFile; fileRef = 5928E1942A37731C00524411 /* Assets.xcassets */; };
		5928E1982A37731C00524411 /* Preview Assets.xcassets in Resources */ = {isa = PBXBuildFile; fileRef = 5928E1972A37731C00524411 /* Preview Assets.xcassets */; };
		595B7C042A3A3804006A321D /* PersonalInfo.swift in Sources */ = {isa = PBXBuildFile; fileRef = 595B7C032A3A3803006A321D /* PersonalInfo.swift */; };
		595B7C062A3A3813006A321D /* Home.swift in Sources */ = {isa = PBXBuildFile; fileRef = 595B7C052A3A3813006A321D /* Home.swift */; };
		595B7C082A3A3821006A321D /* Resume.swift in Sources */ = {isa = PBXBuildFile; fileRef = 595B7C072A3A3821006A321D /* Resume.swift */; };
		595B7C0A2A3A4C31006A321D /* ResumeOptions.swift in Sources */ = {isa = PBXBuildFile; fileRef = 595B7C092A3A4C31006A321D /* ResumeOptions.swift */; };
		CA1E63732A3A463100C202E3 /* InterviewTips.swift in Sources */ = {isa = PBXBuildFile; fileRef = CA1E63722A3A463100C202E3 /* InterviewTips.swift */; };
		CA1E63752A3A466400C202E3 /* NoResume.swift in Sources */ = {isa = PBXBuildFile; fileRef = CA1E63742A3A466400C202E3 /* NoResume.swift */; };
		CA1E63772A3A467600C202E3 /* TechInterview.swift in Sources */ = {isa = PBXBuildFile; fileRef = CA1E63762A3A467600C202E3 /* TechInterview.swift */; };
		CA1E63792A3A468A00C202E3 /* EmailTips.swift in Sources */ = {isa = PBXBuildFile; fileRef = CA1E63782A3A468A00C202E3 /* EmailTips.swift */; };
/* End PBXBuildFile section */

/* Begin PBXFileReference section */
		591968E32A3B70AB00ACFCA2 /* ResumeBuilding.swift */ = {isa = PBXFileReference; lastKnownFileType = sourcecode.swift; path = ResumeBuilding.swift; sourceTree = "<group>"; };
		591968E52A3B70E700ACFCA2 /* AddEdu.swift */ = {isa = PBXFileReference; lastKnownFileType = sourcecode.swift; path = AddEdu.swift; sourceTree = "<group>"; };
		591968E72A3B710700ACFCA2 /* AddExperience.swift */ = {isa = PBXFileReference; lastKnownFileType = sourcecode.swift; path = AddExperience.swift; sourceTree = "<group>"; };
		591968E92A3B719600ACFCA2 /* AddHandA.swift */ = {isa = PBXFileReference; lastKnownFileType = sourcecode.swift; path = AddHandA.swift; sourceTree = "<group>"; };
		5928E18D2A37731900524411 /* Final Project.app */ = {isa = PBXFileReference; explicitFileType = wrapper.application; includeInIndex = 0; path = "Final Project.app"; sourceTree = BUILT_PRODUCTS_DIR; };
		5928E1902A37731900524411 /* Final_ProjectApp.swift */ = {isa = PBXFileReference; lastKnownFileType = sourcecode.swift; path = Final_ProjectApp.swift; sourceTree = "<group>"; };
		5928E1922A37731900524411 /* ContentView.swift */ = {isa = PBXFileReference; lastKnownFileType = sourcecode.swift; path = ContentView.swift; sourceTree = "<group>"; };
		5928E1942A37731C00524411 /* Assets.xcassets */ = {isa = PBXFileReference; lastKnownFileType = folder.assetcatalog; path = Assets.xcassets; sourceTree = "<group>"; };
		5928E1972A37731C00524411 /* Preview Assets.xcassets */ = {isa = PBXFileReference; lastKnownFileType = folder.assetcatalog; path = "Preview Assets.xcassets"; sourceTree = "<group>"; };
		595B7C032A3A3803006A321D /* PersonalInfo.swift */ = {isa = PBXFileReference; lastKnownFileType = sourcecode.swift; path = PersonalInfo.swift; sourceTree = "<group>"; };
		595B7C052A3A3813006A321D /* Home.swift */ = {isa = PBXFileReference; lastKnownFileType = sourcecode.swift; path = Home.swift; sourceTree = "<group>"; };
		595B7C072A3A3821006A321D /* Resume.swift */ = {isa = PBXFileReference; lastKnownFileType = sourcecode.swift; path = Resume.swift; sourceTree = "<group>"; };
		595B7C092A3A4C31006A321D /* ResumeOptions.swift */ = {isa = PBXFileReference; lastKnownFileType = sourcecode.swift; path = ResumeOptions.swift; sourceTree = "<group>"; };
		CA1E63722A3A463100C202E3 /* InterviewTips.swift */ = {isa = PBXFileReference; lastKnownFileType = sourcecode.swift; path = InterviewTips.swift; sourceTree = "<group>"; };
		CA1E63742A3A466400C202E3 /* NoResume.swift */ = {isa = PBXFileReference; lastKnownFileType = sourcecode.swift; path = NoResume.swift; sourceTree = "<group>"; };
		CA1E63762A3A467600C202E3 /* TechInterview.swift */ = {isa = PBXFileReference; lastKnownFileType = sourcecode.swift; path = TechInterview.swift; sourceTree = "<group>"; };
		CA1E63782A3A468A00C202E3 /* EmailTips.swift */ = {isa = PBXFileReference; lastKnownFileType = sourcecode.swift; path = EmailTips.swift; sourceTree = "<group>"; };
/* End PBXFileReference section */

/* Begin PBXFrameworksBuildPhase section */
		5928E18A2A37731900524411 /* Frameworks */ = {
			isa = PBXFrameworksBuildPhase;
			buildActionMask = 2147483647;
			files = (
			);
			runOnlyForDeploymentPostprocessing = 0;
		};
/* End PBXFrameworksBuildPhase section */

/* Begin PBXGroup section */
		5928E1842A37731900524411 = {
			isa = PBXGroup;
			children = (
				5928E18F2A37731900524411 /* Final Project */,
				5928E18E2A37731900524411 /* Products */,
			);
			sourceTree = "<group>";
		};
		5928E18E2A37731900524411 /* Products */ = {
			isa = PBXGroup;
			children = (
				5928E18D2A37731900524411 /* Final Project.app */,
			);
			name = Products;
			sourceTree = "<group>";
		};
		5928E18F2A37731900524411 /* Final Project */ = {
			isa = PBXGroup;
			children = (
				5928E1902A37731900524411 /* Final_ProjectApp.swift */,
				595B7C032A3A3803006A321D /* PersonalInfo.swift */,
				5928E1922A37731900524411 /* ContentView.swift */,
				595B7C052A3A3813006A321D /* Home.swift */,
				CA1E63722A3A463100C202E3 /* InterviewTips.swift */,
				CA1E63742A3A466400C202E3 /* NoResume.swift */,
				CA1E63762A3A467600C202E3 /* TechInterview.swift */,
				CA1E63782A3A468A00C202E3 /* EmailTips.swift */,
				595B7C072A3A3821006A321D /* Resume.swift */,
				595B7C092A3A4C31006A321D /* ResumeOptions.swift */,
				591968E32A3B70AB00ACFCA2 /* ResumeBuilding.swift */,
				591968E92A3B719600ACFCA2 /* AddHandA.swift */,
				591968E72A3B710700ACFCA2 /* AddExperience.swift */,
				591968E52A3B70E700ACFCA2 /* AddEdu.swift */,
				5928E1942A37731C00524411 /* Assets.xcassets */,
				5928E1962A37731C00524411 /* Preview Content */,
			);
			path = "Final Project";
			sourceTree = "<group>";
		};
		5928E1962A37731C00524411 /* Preview Content */ = {
			isa = PBXGroup;
			children = (
				5928E1972A37731C00524411 /* Preview Assets.xcassets */,
			);
			path = "Preview Content";
			sourceTree = "<group>";
		};
/* End PBXGroup section */

/* Begin PBXNativeTarget section */
		5928E18C2A37731900524411 /* Final Project */ = {
			isa = PBXNativeTarget;
			buildConfigurationList = 5928E19B2A37731C00524411 /* Build configuration list for PBXNativeTarget "Final Project" */;
			buildPhases = (
				5928E1892A37731900524411 /* Sources */,
				5928E18A2A37731900524411 /* Frameworks */,
				5928E18B2A37731900524411 /* Resources */,
			);
			buildRules = (
			);
			dependencies = (
			);
			name = "Final Project";
			productName = "Final Project";
			productReference = 5928E18D2A37731900524411 /* Final Project.app */;
			productType = "com.apple.product-type.application";
		};
/* End PBXNativeTarget section */

/* Begin PBXProject section */
		5928E1852A37731900524411 /* Project object */ = {
			isa = PBXProject;
			attributes = {
				BuildIndependentTargetsInParallel = 1;
				LastSwiftUpdateCheck = 1430;
				LastUpgradeCheck = 1430;
				TargetAttributes = {
					5928E18C2A37731900524411 = {
						CreatedOnToolsVersion = 14.3;
					};
				};
			};
			buildConfigurationList = 5928E1882A37731900524411 /* Build configuration list for PBXProject "Final Project" */;
			compatibilityVersion = "Xcode 14.0";
			developmentRegion = en;
			hasScannedForEncodings = 0;
			knownRegions = (
				en,
				Base,
			);
			mainGroup = 5928E1842A37731900524411;
			productRefGroup = 5928E18E2A37731900524411 /* Products */;
			projectDirPath = "";
			projectRoot = "";
			targets = (
				5928E18C2A37731900524411 /* Final Project */,
			);
		};
/* End PBXProject section */

/* Begin PBXResourcesBuildPhase section */
		5928E18B2A37731900524411 /* Resources */ = {
			isa = PBXResourcesBuildPhase;
			buildActionMask = 2147483647;
			files = (
				5928E1982A37731C00524411 /* Preview Assets.xcassets in Resources */,
				5928E1952A37731C00524411 /* Assets.xcassets in Resources */,
			);
			runOnlyForDeploymentPostprocessing = 0;
		};
/* End PBXResourcesBuildPhase section */

/* Begin PBXSourcesBuildPhase section */
		5928E1892A37731900524411 /* Sources */ = {
			isa = PBXSourcesBuildPhase;
			buildActionMask = 2147483647;
			files = (
				591968E42A3B70AB00ACFCA2 /* ResumeBuilding.swift in Sources */,
				5928E1932A37731900524411 /* ContentView.swift in Sources */,
				595B7C082A3A3821006A321D /* Resume.swift in Sources */,
				5928E1912A37731900524411 /* Final_ProjectApp.swift in Sources */,
				CA1E63732A3A463100C202E3 /* InterviewTips.swift in Sources */,
				591968E82A3B710700ACFCA2 /* AddExperience.swift in Sources */,
				CA1E63752A3A466400C202E3 /* NoResume.swift in Sources */,
				595B7C0A2A3A4C31006A321D /* ResumeOptions.swift in Sources */,
				595B7C062A3A3813006A321D /* Home.swift in Sources */,
				595B7C042A3A3804006A321D /* PersonalInfo.swift in Sources */,
				CA1E63772A3A467600C202E3 /* TechInterview.swift in Sources */,
				591968E62A3B70E700ACFCA2 /* AddEdu.swift in Sources */,
				591968EA2A3B719600ACFCA2 /* AddHandA.swift in Sources */,
				CA1E63792A3A468A00C202E3 /* EmailTips.swift in Sources */,
			);
			runOnlyForDeploymentPostprocessing = 0;
		};
/* End PBXSourcesBuildPhase section */

/* Begin XCBuildConfiguration section */
		5928E1992A37731C00524411 /* Debug */ = {
			isa = XCBuildConfiguration;
			buildSettings = {
				ALWAYS_SEARCH_USER_PATHS = NO;
				CLANG_ANALYZER_NONNULL = YES;
				CLANG_ANALYZER_NUMBER_OBJECT_CONVERSION = YES_AGGRESSIVE;
				CLANG_CXX_LANGUAGE_STANDARD = "gnu++20";
				CLANG_ENABLE_MODULES = YES;
				CLANG_ENABLE_OBJC_ARC = YES;
				CLANG_ENABLE_OBJC_WEAK = YES;
				CLANG_WARN_BLOCK_CAPTURE_AUTORELEASING = YES;
				CLANG_WARN_BOOL_CONVERSION = YES;
				CLANG_WARN_COMMA = YES;
				CLANG_WARN_CONSTANT_CONVERSION = YES;
				CLANG_WARN_DEPRECATED_OBJC_IMPLEMENTATIONS = YES;
				CLANG_WARN_DIRECT_OBJC_ISA_USAGE = YES_ERROR;
				CLANG_WARN_DOCUMENTATION_COMMENTS = YES;
				CLANG_WARN_EMPTY_BODY = YES;
				CLANG_WARN_ENUM_CONVERSION = YES;
				CLANG_WARN_INFINITE_RECURSION = YES;
				CLANG_WARN_INT_CONVERSION = YES;
				CLANG_WARN_NON_LITERAL_NULL_CONVERSION = YES;
				CLANG_WARN_OBJC_IMPLICIT_RETAIN_SELF = YES;
				CLANG_WARN_OBJC_LITERAL_CONVERSION = YES;
				CLANG_WARN_OBJC_ROOT_CLASS = YES_ERROR;
				CLANG_WARN_QUOTED_INCLUDE_IN_FRAMEWORK_HEADER = YES;
				CLANG_WARN_RANGE_LOOP_ANALYSIS = YES;
				CLANG_WARN_STRICT_PROTOTYPES = YES;
				CLANG_WARN_SUSPICIOUS_MOVE = YES;
				CLANG_WARN_UNGUARDED_AVAILABILITY = YES_AGGRESSIVE;
				CLANG_WARN_UNREACHABLE_CODE = YES;
				CLANG_WARN__DUPLICATE_METHOD_MATCH = YES;
				COPY_PHASE_STRIP = NO;
				DEBUG_INFORMATION_FORMAT = dwarf;
				ENABLE_STRICT_OBJC_MSGSEND = YES;
				ENABLE_TESTABILITY = YES;
				GCC_C_LANGUAGE_STANDARD = gnu11;
				GCC_DYNAMIC_NO_PIC = NO;
				GCC_NO_COMMON_BLOCKS = YES;
				GCC_OPTIMIZATION_LEVEL = 0;
				GCC_PREPROCESSOR_DEFINITIONS = (
					"DEBUG=1",
					"$(inherited)",
				);
				GCC_WARN_64_TO_32_BIT_CONVERSION = YES;
				GCC_WARN_ABOUT_RETURN_TYPE = YES_ERROR;
				GCC_WARN_UNDECLARED_SELECTOR = YES;
				GCC_WARN_UNINITIALIZED_AUTOS = YES_AGGRESSIVE;
				GCC_WARN_UNUSED_FUNCTION = YES;
				GCC_WARN_UNUSED_VARIABLE = YES;
				IPHONEOS_DEPLOYMENT_TARGET = 16.4;
				MTL_ENABLE_DEBUG_INFO = INCLUDE_SOURCE;
				MTL_FAST_MATH = YES;
				ONLY_ACTIVE_ARCH = YES;
				SDKROOT = iphoneos;
				SWIFT_ACTIVE_COMPILATION_CONDITIONS = DEBUG;
				SWIFT_OPTIMIZATION_LEVEL = "-Onone";
			};
			name = Debug;
		};
		5928E19A2A37731C00524411 /* Release */ = {
			isa = XCBuildConfiguration;
			buildSettings = {
				ALWAYS_SEARCH_USER_PATHS = NO;
				CLANG_ANALYZER_NONNULL = YES;
				CLANG_ANALYZER_NUMBER_OBJECT_CONVERSION = YES_AGGRESSIVE;
				CLANG_CXX_LANGUAGE_STANDARD = "gnu++20";
				CLANG_ENABLE_MODULES = YES;
				CLANG_ENABLE_OBJC_ARC = YES;
				CLANG_ENABLE_OBJC_WEAK = YES;
				CLANG_WARN_BLOCK_CAPTURE_AUTORELEASING = YES;
				CLANG_WARN_BOOL_CONVERSION = YES;
				CLANG_WARN_COMMA = YES;
				CLANG_WARN_CONSTANT_CONVERSION = YES;
				CLANG_WARN_DEPRECATED_OBJC_IMPLEMENTATIONS = YES;
				CLANG_WARN_DIRECT_OBJC_ISA_USAGE = YES_ERROR;
				CLANG_WARN_DOCUMENTATION_COMMENTS = YES;
				CLANG_WARN_EMPTY_BODY = YES;
				CLANG_WARN_ENUM_CONVERSION = YES;
				CLANG_WARN_INFINITE_RECURSION = YES;
				CLANG_WARN_INT_CONVERSION = YES;
				CLANG_WARN_NON_LITERAL_NULL_CONVERSION = YES;
				CLANG_WARN_OBJC_IMPLICIT_RETAIN_SELF = YES;
				CLANG_WARN_OBJC_LITERAL_CONVERSION = YES;
				CLANG_WARN_OBJC_ROOT_CLASS = YES_ERROR;
				CLANG_WARN_QUOTED_INCLUDE_IN_FRAMEWORK_HEADER = YES;
				CLANG_WARN_RANGE_LOOP_ANALYSIS = YES;
				CLANG_WARN_STRICT_PROTOTYPES = YES;
				CLANG_WARN_SUSPICIOUS_MOVE = YES;
				CLANG_WARN_UNGUARDED_AVAILABILITY = YES_AGGRESSIVE;
				CLANG_WARN_UNREACHABLE_CODE = YES;
				CLANG_WARN__DUPLICATE_METHOD_MATCH = YES;
				COPY_PHASE_STRIP = NO;
				DEBUG_INFORMATION_FORMAT = "dwarf-with-dsym";
				ENABLE_NS_ASSERTIONS = NO;
				ENABLE_STRICT_OBJC_MSGSEND = YES;
				GCC_C_LANGUAGE_STANDARD = gnu11;
				GCC_NO_COMMON_BLOCKS = YES;
				GCC_WARN_64_TO_32_BIT_CONVERSION = YES;
				GCC_WARN_ABOUT_RETURN_TYPE = YES_ERROR;
				GCC_WARN_UNDECLARED_SELECTOR = YES;
				GCC_WARN_UNINITIALIZED_AUTOS = YES_AGGRESSIVE;
				GCC_WARN_UNUSED_FUNCTION = YES;
				GCC_WARN_UNUSED_VARIABLE = YES;
				IPHONEOS_DEPLOYMENT_TARGET = 16.4;
				MTL_ENABLE_DEBUG_INFO = NO;
				MTL_FAST_MATH = YES;
				SDKROOT = iphoneos;
				SWIFT_COMPILATION_MODE = wholemodule;
				SWIFT_OPTIMIZATION_LEVEL = "-O";
				VALIDATE_PRODUCT = YES;
			};
			name = Release;
		};
		5928E19C2A37731C00524411 /* Debug */ = {
			isa = XCBuildConfiguration;
			buildSettings = {
				ASSETCATALOG_COMPILER_APPICON_NAME = AppIcon;
				ASSETCATALOG_COMPILER_GLOBAL_ACCENT_COLOR_NAME = AccentColor;
				CODE_SIGN_STYLE = Automatic;
				CURRENT_PROJECT_VERSION = 1;
				DEVELOPMENT_ASSET_PATHS = "\"Final Project/Preview Content\"";
				DEVELOPMENT_TEAM = FZL5UJC36B;
				ENABLE_PREVIEWS = YES;
				GENERATE_INFOPLIST_FILE = YES;
				INFOPLIST_KEY_UIApplicationSceneManifest_Generation = YES;
				INFOPLIST_KEY_UIApplicationSupportsIndirectInputEvents = YES;
				INFOPLIST_KEY_UILaunchScreen_Generation = YES;
				INFOPLIST_KEY_UISupportedInterfaceOrientations_iPad = "UIInterfaceOrientationPortrait UIInterfaceOrientationPortraitUpsideDown UIInterfaceOrientationLandscapeLeft UIInterfaceOrientationLandscapeRight";
				INFOPLIST_KEY_UISupportedInterfaceOrientations_iPhone = "UIInterfaceOrientationPortrait UIInterfaceOrientationLandscapeLeft UIInterfaceOrientationLandscapeRight";
				LD_RUNPATH_SEARCH_PATHS = (
					"$(inherited)",
					"@executable_path/Frameworks",
				);
				MARKETING_VERSION = 1.0;
				PRODUCT_BUNDLE_IDENTIFIER = "KWK.Final-Project";
				PRODUCT_NAME = "$(TARGET_NAME)";
				SWIFT_EMIT_LOC_STRINGS = YES;
				SWIFT_VERSION = 5.0;
				TARGETED_DEVICE_FAMILY = "1,2";
			};
			name = Debug;
		};
		5928E19D2A37731C00524411 /* Release */ = {
			isa = XCBuildConfiguration;
			buildSettings = {
				ASSETCATALOG_COMPILER_APPICON_NAME = AppIcon;
				ASSETCATALOG_COMPILER_GLOBAL_ACCENT_COLOR_NAME = AccentColor;
				CODE_SIGN_STYLE = Automatic;
				CURRENT_PROJECT_VERSION = 1;
				DEVELOPMENT_ASSET_PATHS = "\"Final Project/Preview Content\"";
				DEVELOPMENT_TEAM = FZL5UJC36B;
				ENABLE_PREVIEWS = YES;
				GENERATE_INFOPLIST_FILE = YES;
				INFOPLIST_KEY_UIApplicationSceneManifest_Generation = YES;
				INFOPLIST_KEY_UIApplicationSupportsIndirectInputEvents = YES;
				INFOPLIST_KEY_UILaunchScreen_Generation = YES;
				INFOPLIST_KEY_UISupportedInterfaceOrientations_iPad = "UIInterfaceOrientationPortrait UIInterfaceOrientationPortraitUpsideDown UIInterfaceOrientationLandscapeLeft UIInterfaceOrientationLandscapeRight";
				INFOPLIST_KEY_UISupportedInterfaceOrientations_iPhone = "UIInterfaceOrientationPortrait UIInterfaceOrientationLandscapeLeft UIInterfaceOrientationLandscapeRight";
				LD_RUNPATH_SEARCH_PATHS = (
					"$(inherited)",
					"@executable_path/Frameworks",
				);
				MARKETING_VERSION = 1.0;
				PRODUCT_BUNDLE_IDENTIFIER = "KWK.Final-Project";
				PRODUCT_NAME = "$(TARGET_NAME)";
				SWIFT_EMIT_LOC_STRINGS = YES;
				SWIFT_VERSION = 5.0;
				TARGETED_DEVICE_FAMILY = "1,2";
			};
			name = Release;
		};
/* End XCBuildConfiguration section */

/* Begin XCConfigurationList section */
		5928E1882A37731900524411 /* Build configuration list for PBXProject "Final Project" */ = {
			isa = XCConfigurationList;
			buildConfigurations = (
				5928E1992A37731C00524411 /* Debug */,
				5928E19A2A37731C00524411 /* Release */,
			);
			defaultConfigurationIsVisible = 0;
			defaultConfigurationName = Release;
		};
		5928E19B2A37731C00524411 /* Build configuration list for PBXNativeTarget "Final Project" */ = {
			isa = XCConfigurationList;
			buildConfigurations = (
				5928E19C2A37731C00524411 /* Debug */,
				5928E19D2A37731C00524411 /* Release */,
			);
			defaultConfigurationIsVisible = 0;
			defaultConfigurationName = Release;
		};
/* End XCConfigurationList section */
	};
	rootObject = 5928E1852A37731900524411 /* Project object */;
}
